# THIS IS AN AUTOGENERATED FILE. DO NOT EDIT THIS FILE DIRECTLY.
# yarn lockfile v1


bluebird@^3.3.1, bluebird@^3.5.0:
  version "3.5.0"
  resolved "https://registry.npmjs.org/bluebird/-/bluebird-3.5.0.tgz#791420d7f551eea2897453a8a77653f96606d67c"

debug@^2.6.6:
  version "2.6.6"
  resolved "https://registry.npmjs.org/debug/-/debug-2.6.6.tgz#a9fa6fbe9ca43cf1e79f73b75c0189cbb7d6db5a"
  dependencies:
    ms "0.7.3"

file-match@^1.0.1:
  version "1.0.2"
  resolved "https://registry.npmjs.org/file-match/-/file-match-1.0.2.tgz#c9cad265d2c8adf3a81475b0df475859069faef7"
  dependencies:
    utils-extend "^1.0.6"

file-system@^2.2.2:
  version "2.2.2"
  resolved "https://registry.npmjs.org/file-system/-/file-system-2.2.2.tgz#7d65833e3a2347dcd956a813c677153ed3edd987"
  dependencies:
    file-match "^1.0.1"
    utils-extend "^1.0.4"

fs-extra-promise@^1.0.1:
  version "1.0.1"
  resolved "https://registry.npmjs.org/fs-extra-promise/-/fs-extra-promise-1.0.1.tgz#b6ed1ace97b10e06b95f458d051b7f05c6613ee6"
  dependencies:
    bluebird "^3.5.0"
    fs-extra "^2.1.2"

fs-extra@^2.1.2:
  version "2.1.2"
  resolved "https://registry.npmjs.org/fs-extra/-/fs-extra-2.1.2.tgz#046c70163cef9aad46b0e4a7fa467fb22d71de35"
  dependencies:
    graceful-fs "^4.1.2"
    jsonfile "^2.1.0"

graceful-fs@^4.1.2, graceful-fs@^4.1.6:
  version "4.1.11"
  resolved "https://registry.npmjs.org/graceful-fs/-/graceful-fs-4.1.11.tgz#0e8bdfe4d1ddb8854d64e04ea7c00e2a026e5658"

io-helper@^1.0.3:
  version "1.0.3"
  resolved "https://registry.npmjs.org/io-helper/-/io-helper-1.0.3.tgz#576f69a5173fdb0e0265b90965ed5d631a87ee28"
  dependencies:
    bluebird "^3.5.0"
    debug "^2.6.6"
    file-system "^2.2.2"
    fs-extra-promise "^1.0.1"
    lodash "^4.17.4"
    readline-promise "^0.0.1"
    tslib "^1.6.1"

jsonfile@^2.1.0:
  version "2.4.0"
  resolved "https://registry.npmjs.org/jsonfile/-/jsonfile-2.4.0.tgz#3736a2b428b87bbda0cc83b53fa3d633a35c2ae8"
  optionalDependencies:
    graceful-fs "^4.1.6"

lodash@^4.17.4:
  version "4.17.4"
  resolved "https://registry.npmjs.org/lodash/-/lodash-4.17.4.tgz#78203a4d1c328ae1d86dca6460e369b57f4055ae"

ms@0.7.3:
  version "0.7.3"
  resolved "https://registry.npmjs.org/ms/-/ms-0.7.3.tgz#708155a5e44e33f5fd0fc53e81d0d40a91be1fff"

readline-promise@^0.0.1:
  version "0.0.1"
  resolved "https://registry.npmjs.org/readline-promise/-/readline-promise-0.0.1.tgz#e1a1b717d7fcadf8d3ea4583c6af86756af4d638"
  dependencies:
    bluebird "^3.3.1"

require-dir@^0.3.1:
  version "0.3.1"
  resolved "https://registry.npmjs.org/require-dir/-/require-dir-0.3.1.tgz#b5a8e28bae0343bb0d0cc38ab1f531e1931b264a"

tslib@^1.6.1:
  version "1.7.0"
  resolved "https://registry.npmjs.org/tslib/-/tslib-1.7.0.tgz#6e8366695f72961252b35167b0dd4fbeeafba491"

utils-extend@^1.0.4, utils-extend@^1.0.6:
  version "1.0.8"
  resolved "https://registry.npmjs.org/utils-extend/-/utils-extend-1.0.8.tgz#ccfd7b64540f8e90ee21eec57769d0651cab8a5f"
